
Microsoft Visual Studio Solution File, Format Version 12.00
Project("{FAE04EC0-301F-11D3-BF4B-00C04F79EFBC}") = "rabat-na-loty", "rabat-na-loty\rabat-na-loty.csproj", "{E1DCFCDB-1577-4859-9611-7DDF8AA45BFF}"
EndProject
Project("{FAE04EC0-301F-11D3-BF4B-00C04F79EFBC}") = "rabat-na-loty-sasza", "rabat-na-loty-sasza\rabat-na-loty-sasza.csproj", "{B0173BD6-A12E-4A8F-B667-1FF8BD300754}"
EndProject
Global
	GlobalSection(SolutionConfigurationPlatforms) = preSolution
		Debug|Any CPU = Debug|Any CPU
		Release|Any CPU = Release|Any CPU
	EndGlobalSection
	GlobalSection(ProjectConfigurationPlatforms) = postSolution
		{E1DCFCDB-1577-4859-9611-7DDF8AA45BFF}.Debug|Any CPU.ActiveCfg = Debug|Any CPU
		{E1DCFCDB-1577-4859-9611-7DDF8AA45BFF}.Debug|Any CPU.Build.0 = Debug|Any CPU
		{E1DCFCDB-1577-4859-9611-7DDF8AA45BFF}.Release|Any CPU.ActiveCfg = Release|Any CPU
		{E1DCFCDB-1577-4859-9611-7DDF8AA45BFF}.Release|Any CPU.Build.0 = Release|Any CPU
		{B0173BD6-A12E-4A8F-B667-1FF8BD300754}.Debug|Any CPU.ActiveCfg = Debug|Any CPU
		{B0173BD6-A12E-4A8F-B667-1FF8BD300754}.Debug|Any CPU.Build.0 = Debug|Any CPU
		{B0173BD6-A12E-4A8F-B667-1FF8BD300754}.Release|Any CPU.ActiveCfg = Release|Any CPU
		{B0173BD6-A12E-4A8F-B667-1FF8BD300754}.Release|Any CPU.Build.0 = Release|Any CPU
	EndGlobalSection
EndGlobal
